{
    "_readme": [
        "This file locks the dependencies of your project to a known state",
        "Read more about it at https://getcomposer.org/doc/01-basic-usage.md#composer-lock-the-lock-file",
        "This file is @generated automatically"
    ],
    "hash": "5e735d881d6df6fe6648d410e7c93a3b",
    "content-hash": "df33456d89c03133050ef62589c0cf02",
    "packages": [
        {
            "name": "social-links/social-links",
            "version": "v1.11.1",
            "source": {
                "type": "git",
                "url": "https://github.com/oscarotero/social-links.git",
                "reference": "b5c4b2a61f95d775d570fa9e0a71a2fd4cb83131"
            },
            "dist": {
                "type": "zip",
                "url": "https://api.github.com/repos/oscarotero/social-links/zipball/b5c4b2a61f95d775d570fa9e0a71a2fd4cb83131",
                "reference": "b5c4b2a61f95d775d570fa9e0a71a2fd4cb83131",
                "shasum": ""
            },
            "require": {
                "php": ">=5.3.0"
            },
            "type": "library",
            "autoload": {
                "psr-4": {
                    "SocialLinks\\": "src"
                }
            },
            "notification-url": "https://packagist.org/downloads/",
            "license": [
                "MIT"
            ],
            "authors": [
                {
                    "name": "Oscar Otero",
                    "email": "oom@oscarotero.com",
                    "homepage": "http://oscarotero.com",
                    "role": "Developer"
                }
            ],
            "description": "PHP library to generate share buttons",
            "homepage": "https://github.com/oscarotero/social-links",
            "keywords": [
                "buttons",
                "facebook",
                "links",
                "opengraph",
                "share",
                "social",
                "twitter",
                "twittercards"
            ],
            "time": "2016-10-21 16:16:29"
        }
    ],
    "packages-dev": [],
    "aliases": [],
    "minimum-stability": "stable",
    "stability-flags": [],
    "prefer-stable": false,
    "prefer-lowest": false,
    "platform": [],
    "platform-dev": []
}
